
Microsoft Visual Studio Solution File, Format Version 12.00
# Visual Studio Version 18
VisualStudioVersion = 18.1.11312.151 d18.0
MinimumVisualStudioVersion = 10.0.40219.1
Project("{F184B08F-C81C-45F6-A57F-5ABD9991F28F}") = "MGLLMDemoVB", "MGLLMDemoVB.vbproj", "{2B548171-451F-0152-50B9-3A2A95098A92}"
EndProject
Global
	GlobalSection(SolutionConfigurationPlatforms) = preSolution
		Debug|Any CPU = Debug|Any CPU
		Release|Any CPU = Release|Any CPU
	EndGlobalSection
	GlobalSection(ProjectConfigurationPlatforms) = postSolution
		{2B548171-451F-0152-50B9-3A2A95098A92}.Debug|Any CPU.ActiveCfg = Debug|Any CPU
		{2B548171-451F-0152-50B9-3A2A95098A92}.Debug|Any CPU.Build.0 = Debug|Any CPU
		{2B548171-451F-0152-50B9-3A2A95098A92}.Release|Any CPU.ActiveCfg = Release|Any CPU
		{2B548171-451F-0152-50B9-3A2A95098A92}.Release|Any CPU.Build.0 = Release|Any CPU
	EndGlobalSection
	GlobalSection(SolutionProperties) = preSolution
		HideSolutionNode = FALSE
	EndGlobalSection
	GlobalSection(ExtensibilityGlobals) = postSolution
		SolutionGuid = {B120AB13-B1C2-4F49-8A68-8CD79DFEC099}
	EndGlobalSection
EndGlobal
